// !$*UTF8*$!
{
	archiveVersion = 1;
	classes = {
	};
	objectVersion = 46;
	objects = {

/* Begin PBXBuildFile section */
		2600E95B1E1C204B0020FB13 /* main.cpp in Sources */ = {isa = PBXBuildFile; fileRef = 2600E95A1E1C204B0020FB13 /* main.cpp */; };
		26262F1A1A4143EF00D4E094 /* main.cpp in Sources */ = {isa = PBXBuildFile; fileRef = 26262F191A4143EF00D4E094 /* main.cpp */; };
		267640401AB7E08B000B0AE3 /* main.cpp in Sources */ = {isa = PBXBuildFile; fileRef = 2676403F1AB7E08B000B0AE3 /* main.cpp */; };
		267640481AB7E0B9000B0AE3 /* LL_base64.cpp in Sources */ = {isa = PBXBuildFile; fileRef = 267640461AB7E0B9000B0AE3 /* LL_base64.cpp */; };
		268F9DFE1A5C738200CB6CE4 /* main.cpp in Sources */ = {isa = PBXBuildFile; fileRef = 268F9DFD1A5C738200CB6CE4 /* main.cpp */; };
/* End PBXBuildFile section */

/* Begin PBXCopyFilesBuildPhase section */
		26262F071A4108E300D4E094 /* CopyFiles */ = {
			isa = PBXCopyFilesBuildPhase;
			buildActionMask = 2147483647;
			dstPath = /usr/share/man/man1/;
			dstSubfolderSpec = 0;
			files = (
			);
			runOnlyForDeploymentPostprocessing = 1;
		};
		26262F151A4143EF00D4E094 /* CopyFiles */ = {
			isa = PBXCopyFilesBuildPhase;
			buildActionMask = 2147483647;
			dstPath = /usr/share/man/man1/;
			dstSubfolderSpec = 0;
			files = (
			);
			runOnlyForDeploymentPostprocessing = 1;
		};
		2676403B1AB7E08B000B0AE3 /* CopyFiles */ = {
			isa = PBXCopyFilesBuildPhase;
			buildActionMask = 2147483647;
			dstPath = /usr/share/man/man1/;
			dstSubfolderSpec = 0;
			files = (
			);
			runOnlyForDeploymentPostprocessing = 1;
		};
		268F9DF91A5C738200CB6CE4 /* CopyFiles */ = {
			isa = PBXCopyFilesBuildPhase;
			buildActionMask = 2147483647;
			dstPath = /usr/share/man/man1/;
			dstSubfolderSpec = 0;
			files = (
			);
			runOnlyForDeploymentPostprocessing = 1;
		};
/* End PBXCopyFilesBuildPhase section */

/* Begin PBXFileReference section */
		2600E9591E1C204B0020FB13 /* const-string.h */ = {isa = PBXFileReference; fileEncoding = 4; lastKnownFileType = sourcecode.c.h; name = "const-string.h"; path = "const-string/const-string.h"; sourceTree = "<group>"; };
		2600E95A1E1C204B0020FB13 /* main.cpp */ = {isa = PBXFileReference; fileEncoding = 4; lastKnownFileType = sourcecode.cpp.cpp; name = main.cpp; path = "const-string/main.cpp"; sourceTree = "<group>"; };
		26262F091A4108E300D4E094 /* const-string */ = {isa = PBXFileReference; explicitFileType = "compiled.mach-o.executable"; includeInIndex = 0; path = "const-string"; sourceTree = BUILT_PRODUCTS_DIR; };
		26262F171A4143EF00D4E094 /* const-function */ = {isa = PBXFileReference; explicitFileType = "compiled.mach-o.executable"; includeInIndex = 0; path = "const-function"; sourceTree = BUILT_PRODUCTS_DIR; };
		26262F191A4143EF00D4E094 /* main.cpp */ = {isa = PBXFileReference; lastKnownFileType = sourcecode.cpp.cpp; path = main.cpp; sourceTree = "<group>"; };
		26262F201A41441500D4E094 /* LL_const-function.h */ = {isa = PBXFileReference; fileEncoding = 4; lastKnownFileType = sourcecode.c.h; path = "LL_const-function.h"; sourceTree = "<group>"; };
		2676403D1AB7E08B000B0AE3 /* Base64 */ = {isa = PBXFileReference; explicitFileType = "compiled.mach-o.executable"; includeInIndex = 0; path = Base64; sourceTree = BUILT_PRODUCTS_DIR; };
		2676403F1AB7E08B000B0AE3 /* main.cpp */ = {isa = PBXFileReference; lastKnownFileType = sourcecode.cpp.cpp; path = main.cpp; sourceTree = "<group>"; };
		267640461AB7E0B9000B0AE3 /* LL_base64.cpp */ = {isa = PBXFileReference; fileEncoding = 4; lastKnownFileType = sourcecode.cpp.cpp; path = LL_base64.cpp; sourceTree = "<group>"; };
		267640471AB7E0B9000B0AE3 /* LL_base64.h */ = {isa = PBXFileReference; fileEncoding = 4; lastKnownFileType = sourcecode.c.h; path = LL_base64.h; sourceTree = "<group>"; };
		267640491AB80192000B0AE3 /* assert_or_throw.h */ = {isa = PBXFileReference; fileEncoding = 4; lastKnownFileType = sourcecode.c.h; name = assert_or_throw.h; path = ../../my_src_library/assert_or_throw.h; sourceTree = "<group>"; };
		268F9DFB1A5C738200CB6CE4 /* smart-reference */ = {isa = PBXFileReference; explicitFileType = "compiled.mach-o.executable"; includeInIndex = 0; path = "smart-reference"; sourceTree = BUILT_PRODUCTS_DIR; };
		268F9DFD1A5C738200CB6CE4 /* main.cpp */ = {isa = PBXFileReference; lastKnownFileType = sourcecode.cpp.cpp; path = main.cpp; sourceTree = "<group>"; };
		268F9E041A5C740600CB6CE4 /* LL_smart-reference.h */ = {isa = PBXFileReference; fileEncoding = 4; lastKnownFileType = sourcecode.c.h; path = "LL_smart-reference.h"; sourceTree = "<group>"; };
/* End PBXFileReference section */

/* Begin PBXFrameworksBuildPhase section */
		26262F061A4108E300D4E094 /* Frameworks */ = {
			isa = PBXFrameworksBuildPhase;
			buildActionMask = 2147483647;
			files = (
			);
			runOnlyForDeploymentPostprocessing = 0;
		};
		26262F141A4143EF00D4E094 /* Frameworks */ = {
			isa = PBXFrameworksBuildPhase;
			buildActionMask = 2147483647;
			files = (
			);
			runOnlyForDeploymentPostprocessing = 0;
		};
		2676403A1AB7E08B000B0AE3 /* Frameworks */ = {
			isa = PBXFrameworksBuildPhase;
			buildActionMask = 2147483647;
			files = (
			);
			runOnlyForDeploymentPostprocessing = 0;
		};
		268F9DF81A5C738200CB6CE4 /* Frameworks */ = {
			isa = PBXFrameworksBuildPhase;
			buildActionMask = 2147483647;
			files = (
			);
			runOnlyForDeploymentPostprocessing = 0;
		};
/* End PBXFrameworksBuildPhase section */

/* Begin PBXGroup section */
		2600E9581E1C20310020FB13 /* const-string */ = {
			isa = PBXGroup;
			children = (
				2600E9591E1C204B0020FB13 /* const-string.h */,
				2600E95A1E1C204B0020FB13 /* main.cpp */,
			);
			name = "const-string";
			sourceTree = "<group>";
		};
		26262EF01A4108B400D4E094 = {
			isa = PBXGroup;
			children = (
				2600E9581E1C20310020FB13 /* const-string */,
				26262F181A4143EF00D4E094 /* const-function */,
				268F9DFC1A5C738200CB6CE4 /* smart-reference */,
				2676403E1AB7E08B000B0AE3 /* Base64 */,
				26262EFA1A4108B400D4E094 /* Products */,
			);
			sourceTree = "<group>";
		};
		26262EFA1A4108B400D4E094 /* Products */ = {
			isa = PBXGroup;
			children = (
				26262F091A4108E300D4E094 /* const-string */,
				26262F171A4143EF00D4E094 /* const-function */,
				268F9DFB1A5C738200CB6CE4 /* smart-reference */,
				2676403D1AB7E08B000B0AE3 /* Base64 */,
			);
			name = Products;
			sourceTree = "<group>";
		};
		26262F181A4143EF00D4E094 /* const-function */ = {
			isa = PBXGroup;
			children = (
				26262F191A4143EF00D4E094 /* main.cpp */,
				26262F201A41441500D4E094 /* LL_const-function.h */,
			);
			path = "const-function";
			sourceTree = "<group>";
		};
		2676403E1AB7E08B000B0AE3 /* Base64 */ = {
			isa = PBXGroup;
			children = (
				267640491AB80192000B0AE3 /* assert_or_throw.h */,
				2676403F1AB7E08B000B0AE3 /* main.cpp */,
				267640461AB7E0B9000B0AE3 /* LL_base64.cpp */,
				267640471AB7E0B9000B0AE3 /* LL_base64.h */,
			);
			path = Base64;
			sourceTree = "<group>";
		};
		268F9DFC1A5C738200CB6CE4 /* smart-reference */ = {
			isa = PBXGroup;
			children = (
				268F9DFD1A5C738200CB6CE4 /* main.cpp */,
				268F9E041A5C740600CB6CE4 /* LL_smart-reference.h */,
			);
			path = "smart-reference";
			sourceTree = "<group>";
		};
/* End PBXGroup section */

/* Begin PBXNativeTarget section */
		26262F081A4108E300D4E094 /* const-string */ = {
			isa = PBXNativeTarget;
			buildConfigurationList = 26262F0F1A4108E400D4E094 /* Build configuration list for PBXNativeTarget "const-string" */;
			buildPhases = (
				26262F051A4108E300D4E094 /* Sources */,
				26262F061A4108E300D4E094 /* Frameworks */,
				26262F071A4108E300D4E094 /* CopyFiles */,
			);
			buildRules = (
			);
			dependencies = (
			);
			name = "const-string";
			productName = "String Switch";
			productReference = 26262F091A4108E300D4E094 /* const-string */;
			productType = "com.apple.product-type.tool";
		};
		26262F161A4143EF00D4E094 /* const-function */ = {
			isa = PBXNativeTarget;
			buildConfigurationList = 26262F1D1A4143EF00D4E094 /* Build configuration list for PBXNativeTarget "const-function" */;
			buildPhases = (
				26262F131A4143EF00D4E094 /* Sources */,
				26262F141A4143EF00D4E094 /* Frameworks */,
				26262F151A4143EF00D4E094 /* CopyFiles */,
			);
			buildRules = (
			);
			dependencies = (
			);
			name = "const-function";
			productName = "const-function";
			productReference = 26262F171A4143EF00D4E094 /* const-function */;
			productType = "com.apple.product-type.tool";
		};
		2676403C1AB7E08B000B0AE3 /* Base64 */ = {
			isa = PBXNativeTarget;
			buildConfigurationList = 267640451AB7E08B000B0AE3 /* Build configuration list for PBXNativeTarget "Base64" */;
			buildPhases = (
				267640391AB7E08B000B0AE3 /* Sources */,
				2676403A1AB7E08B000B0AE3 /* Frameworks */,
				2676403B1AB7E08B000B0AE3 /* CopyFiles */,
			);
			buildRules = (
			);
			dependencies = (
			);
			name = Base64;
			productName = Base64;
			productReference = 2676403D1AB7E08B000B0AE3 /* Base64 */;
			productType = "com.apple.product-type.tool";
		};
		268F9DFA1A5C738200CB6CE4 /* smart-reference */ = {
			isa = PBXNativeTarget;
			buildConfigurationList = 268F9E031A5C738200CB6CE4 /* Build configuration list for PBXNativeTarget "smart-reference" */;
			buildPhases = (
				268F9DF71A5C738200CB6CE4 /* Sources */,
				268F9DF81A5C738200CB6CE4 /* Frameworks */,
				268F9DF91A5C738200CB6CE4 /* CopyFiles */,
			);
			buildRules = (
			);
			dependencies = (
			);
			name = "smart-reference";
			productName = "smart-reference";
			productReference = 268F9DFB1A5C738200CB6CE4 /* smart-reference */;
			productType = "com.apple.product-type.tool";
		};
/* End PBXNativeTarget section */

/* Begin PBXProject section */
		26262EF11A4108B400D4E094 /* Project object */ = {
			isa = PBXProject;
			attributes = {
				LastUpgradeCheck = 0510;
				ORGANIZATIONNAME = "Lyle Moffitt";
			};
			buildConfigurationList = 26262EF41A4108B400D4E094 /* Build configuration list for PBXProject "LyleLib" */;
			compatibilityVersion = "Xcode 3.2";
			developmentRegion = English;
			hasScannedForEncodings = 0;
			knownRegions = (
				en,
			);
			mainGroup = 26262EF01A4108B400D4E094;
			productRefGroup = 26262EFA1A4108B400D4E094 /* Products */;
			projectDirPath = "";
			projectRoot = "";
			targets = (
				26262F081A4108E300D4E094 /* const-string */,
				26262F161A4143EF00D4E094 /* const-function */,
				268F9DFA1A5C738200CB6CE4 /* smart-reference */,
				2676403C1AB7E08B000B0AE3 /* Base64 */,
			);
		};
/* End PBXProject section */

/* Begin PBXSourcesBuildPhase section */
		26262F051A4108E300D4E094 /* Sources */ = {
			isa = PBXSourcesBuildPhase;
			buildActionMask = 2147483647;
			files = (
				2600E95B1E1C204B0020FB13 /* main.cpp in Sources */,
			);
			runOnlyForDeploymentPostprocessing = 0;
		};
		26262F131A4143EF00D4E094 /* Sources */ = {
			isa = PBXSourcesBuildPhase;
			buildActionMask = 2147483647;
			files = (
				26262F1A1A4143EF00D4E094 /* main.cpp in Sources */,
			);
			runOnlyForDeploymentPostprocessing = 0;
		};
		267640391AB7E08B000B0AE3 /* Sources */ = {
			isa = PBXSourcesBuildPhase;
			buildActionMask = 2147483647;
			files = (
				267640481AB7E0B9000B0AE3 /* LL_base64.cpp in Sources */,
				267640401AB7E08B000B0AE3 /* main.cpp in Sources */,
			);
			runOnlyForDeploymentPostprocessing = 0;
		};
		268F9DF71A5C738200CB6CE4 /* Sources */ = {
			isa = PBXSourcesBuildPhase;
			buildActionMask = 2147483647;
			files = (
				268F9DFE1A5C738200CB6CE4 /* main.cpp in Sources */,
			);
			runOnlyForDeploymentPostprocessing = 0;
		};
/* End PBXSourcesBuildPhase section */

/* Begin XCBuildConfiguration section */
		26262F001A4108B400D4E094 /* Debug */ = {
			isa = XCBuildConfiguration;
			buildSettings = {
				ALWAYS_SEARCH_USER_PATHS = NO;
				CLANG_CXX_LANGUAGE_STANDARD = "compiler-default";
				CLANG_CXX_LIBRARY = "libc++";
				CLANG_ENABLE_MODULES = YES;
				CLANG_ENABLE_OBJC_ARC = YES;
				CLANG_WARN_BOOL_CONVERSION = YES;
				CLANG_WARN_CONSTANT_CONVERSION = YES;
				CLANG_WARN_DIRECT_OBJC_ISA_USAGE = YES_ERROR;
				CLANG_WARN_EMPTY_BODY = YES;
				CLANG_WARN_ENUM_CONVERSION = YES;
				CLANG_WARN_INT_CONVERSION = YES;
				CLANG_WARN_OBJC_ROOT_CLASS = YES_ERROR;
				CLANG_WARN__DUPLICATE_METHOD_MATCH = YES;
				COPY_PHASE_STRIP = NO;
				GCC_C_LANGUAGE_STANDARD = c11;
				GCC_DYNAMIC_NO_PIC = NO;
				GCC_ENABLE_OBJC_EXCEPTIONS = YES;
				GCC_OPTIMIZATION_LEVEL = 0;
				GCC_PREPROCESSOR_DEFINITIONS = (
					"DEBUG=1",
					"$(inherited)",
				);
				GCC_SYMBOLS_PRIVATE_EXTERN = NO;
				GCC_WARN_64_TO_32_BIT_CONVERSION = YES;
				GCC_WARN_ABOUT_RETURN_TYPE = YES_ERROR;
				GCC_WARN_UNDECLARED_SELECTOR = YES;
				GCC_WARN_UNINITIALIZED_AUTOS = YES_AGGRESSIVE;
				GCC_WARN_UNUSED_FUNCTION = YES;
				GCC_WARN_UNUSED_VARIABLE = YES;
				MACOSX_DEPLOYMENT_TARGET = 10.8;
				ONLY_ACTIVE_ARCH = YES;
				OTHER_CPLUSPLUSFLAGS = (
					"-std=c++11",
					"$(OTHER_CFLAGS)",
				);
				SDKROOT = macosx;
			};
			name = Debug;
		};
		26262F011A4108B400D4E094 /* Release */ = {
			isa = XCBuildConfiguration;
			buildSettings = {
				ALWAYS_SEARCH_USER_PATHS = NO;
				CLANG_CXX_LANGUAGE_STANDARD = "compiler-default";
				CLANG_CXX_LIBRARY = "libc++";
				CLANG_ENABLE_MODULES = YES;
				CLANG_ENABLE_OBJC_ARC = YES;
				CLANG_WARN_BOOL_CONVERSION = YES;
				CLANG_WARN_CONSTANT_CONVERSION = YES;
				CLANG_WARN_DIRECT_OBJC_ISA_USAGE = YES_ERROR;
				CLANG_WARN_EMPTY_BODY = YES;
				CLANG_WARN_ENUM_CONVERSION = YES;
				CLANG_WARN_INT_CONVERSION = YES;
				CLANG_WARN_OBJC_ROOT_CLASS = YES_ERROR;
				CLANG_WARN__DUPLICATE_METHOD_MATCH = YES;
				COPY_PHASE_STRIP = YES;
				DEBUG_INFORMATION_FORMAT = "dwarf-with-dsym";
				ENABLE_NS_ASSERTIONS = NO;
				GCC_C_LANGUAGE_STANDARD = c11;
				GCC_ENABLE_OBJC_EXCEPTIONS = YES;
				GCC_WARN_64_TO_32_BIT_CONVERSION = YES;
				GCC_WARN_ABOUT_RETURN_TYPE = YES_ERROR;
				GCC_WARN_UNDECLARED_SELECTOR = YES;
				GCC_WARN_UNINITIALIZED_AUTOS = YES_AGGRESSIVE;
				GCC_WARN_UNUSED_FUNCTION = YES;
				GCC_WARN_UNUSED_VARIABLE = YES;
				MACOSX_DEPLOYMENT_TARGET = 10.8;
				OTHER_CPLUSPLUSFLAGS = (
					"-std=c++11",
					"$(OTHER_CFLAGS)",
				);
				SDKROOT = macosx;
			};
			name = Release;
		};
		26262F101A4108E400D4E094 /* Debug */ = {
			isa = XCBuildConfiguration;
			buildSettings = {
				GCC_PREPROCESSOR_DEFINITIONS = (
					"DEBUG=1",
					"$(inherited)",
				);
				PRODUCT_NAME = "$(TARGET_NAME)";
			};
			name = Debug;
		};
		26262F111A4108E400D4E094 /* Release */ = {
			isa = XCBuildConfiguration;
			buildSettings = {
				PRODUCT_NAME = "$(TARGET_NAME)";
			};
			name = Release;
		};
		26262F1E1A4143EF00D4E094 /* Debug */ = {
			isa = XCBuildConfiguration;
			buildSettings = {
				GCC_PREPROCESSOR_DEFINITIONS = (
					"DEBUG=1",
					"$(inherited)",
				);
				PRODUCT_NAME = "$(TARGET_NAME)";
			};
			name = Debug;
		};
		26262F1F1A4143EF00D4E094 /* Release */ = {
			isa = XCBuildConfiguration;
			buildSettings = {
				PRODUCT_NAME = "$(TARGET_NAME)";
			};
			name = Release;
		};
		267640431AB7E08B000B0AE3 /* Debug */ = {
			isa = XCBuildConfiguration;
			buildSettings = {
				CLANG_CXX_LANGUAGE_STANDARD = "gnu++0x";
				GCC_C_LANGUAGE_STANDARD = gnu99;
				GCC_PREPROCESSOR_DEFINITIONS = (
					"DEBUG=1",
					"$(inherited)",
				);
				PRODUCT_NAME = "$(TARGET_NAME)";
			};
			name = Debug;
		};
		267640441AB7E08B000B0AE3 /* Release */ = {
			isa = XCBuildConfiguration;
			buildSettings = {
				CLANG_CXX_LANGUAGE_STANDARD = "gnu++0x";
				GCC_C_LANGUAGE_STANDARD = gnu99;
				PRODUCT_NAME = "$(TARGET_NAME)";
			};
			name = Release;
		};
		268F9E011A5C738200CB6CE4 /* Debug */ = {
			isa = XCBuildConfiguration;
			buildSettings = {
				CLANG_CXX_LANGUAGE_STANDARD = "gnu++0x";
				GCC_C_LANGUAGE_STANDARD = gnu99;
				GCC_PREPROCESSOR_DEFINITIONS = (
					"DEBUG=1",
					"$(inherited)",
				);
				PRODUCT_NAME = "$(TARGET_NAME)";
			};
			name = Debug;
		};
		268F9E021A5C738200CB6CE4 /* Release */ = {
			isa = XCBuildConfiguration;
			buildSettings = {
				CLANG_CXX_LANGUAGE_STANDARD = "gnu++0x";
				GCC_C_LANGUAGE_STANDARD = gnu99;
				PRODUCT_NAME = "$(TARGET_NAME)";
			};
			name = Release;
		};
/* End XCBuildConfiguration section */

/* Begin XCConfigurationList section */
		26262EF41A4108B400D4E094 /* Build configuration list for PBXProject "LyleLib" */ = {
			isa = XCConfigurationList;
			buildConfigurations = (
				26262F001A4108B400D4E094 /* Debug */,
				26262F011A4108B400D4E094 /* Release */,
			);
			defaultConfigurationIsVisible = 0;
			defaultConfigurationName = Release;
		};
		26262F0F1A4108E400D4E094 /* Build configuration list for PBXNativeTarget "const-string" */ = {
			isa = XCConfigurationList;
			buildConfigurations = (
				26262F101A4108E400D4E094 /* Debug */,
				26262F111A4108E400D4E094 /* Release */,
			);
			defaultConfigurationIsVisible = 0;
			defaultConfigurationName = Release;
		};
		26262F1D1A4143EF00D4E094 /* Build configuration list for PBXNativeTarget "const-function" */ = {
			isa = XCConfigurationList;
			buildConfigurations = (
				26262F1E1A4143EF00D4E094 /* Debug */,
				26262F1F1A4143EF00D4E094 /* Release */,
			);
			defaultConfigurationIsVisible = 0;
			defaultConfigurationName = Release;
		};
		267640451AB7E08B000B0AE3 /* Build configuration list for PBXNativeTarget "Base64" */ = {
			isa = XCConfigurationList;
			buildConfigurations = (
				267640431AB7E08B000B0AE3 /* Debug */,
				267640441AB7E08B000B0AE3 /* Release */,
			);
			defaultConfigurationIsVisible = 0;
			defaultConfigurationName = Release;
		};
		268F9E031A5C738200CB6CE4 /* Build configuration list for PBXNativeTarget "smart-reference" */ = {
			isa = XCConfigurationList;
			buildConfigurations = (
				268F9E011A5C738200CB6CE4 /* Debug */,
				268F9E021A5C738200CB6CE4 /* Release */,
			);
			defaultConfigurationIsVisible = 0;
			defaultConfigurationName = Release;
		};
/* End XCConfigurationList section */
	};
	rootObject = 26262EF11A4108B400D4E094 /* Project object */;
}
